
Microsoft Visual Studio Solution File, Format Version 12.00
# Visual Studio Version 16
VisualStudioVersion = 16.0.29519.87
MinimumVisualStudioVersion = 10.0.40219.1
Project("{FAE04EC0-301F-11D3-BF4B-00C04F79EFBC}") = "When-is-my-Bitrhday", "When-is-my-Bitrhday.csproj", "{DBFC9B0C-FF41-416C-A2F1-C00C98BF3844}"
EndProject
Global
	GlobalSection(SolutionConfigurationPlatforms) = preSolution
		Debug|Any CPU = Debug|Any CPU
		Release|Any CPU = Release|Any CPU
	EndGlobalSection
	GlobalSection(ProjectConfigurationPlatforms) = postSolution
		{DBFC9B0C-FF41-416C-A2F1-C00C98BF3844}.Debug|Any CPU.ActiveCfg = Debug|Any CPU
		{DBFC9B0C-FF41-416C-A2F1-C00C98BF3844}.Debug|Any CPU.Build.0 = Debug|Any CPU
		{DBFC9B0C-FF41-416C-A2F1-C00C98BF3844}.Release|Any CPU.ActiveCfg = Release|Any CPU
		{DBFC9B0C-FF41-416C-A2F1-C00C98BF3844}.Release|Any CPU.Build.0 = Release|Any CPU
	EndGlobalSection
	GlobalSection(SolutionProperties) = preSolution
		HideSolutionNode = FALSE
	EndGlobalSection
	GlobalSection(ExtensibilityGlobals) = postSolution
		SolutionGuid = {A47A8275-F78D-4F15-96AE-C267BA818330}
	EndGlobalSection
EndGlobal
